
Microsoft Visual Studio Solution File, Format Version 12.00
# Visual Studio Version 17
VisualStudioVersion = 17.9.34723.18
MinimumVisualStudioVersion = 10.0.40219.1
Project("{FAE04EC0-301F-11D3-BF4B-00C04F79EFBC}") = "BaseCode", "BaseCode.csproj", "{1AC1DE5A-3B7A-4518-B551-52D98DE3EEED}"
EndProject
Global
	GlobalSection(SolutionConfigurationPlatforms) = preSolution
		Debug|Any CPU = Debug|Any CPU
		Release|Any CPU = Release|Any CPU
	EndGlobalSection
	GlobalSection(ProjectConfigurationPlatforms) = postSolution
		{1AC1DE5A-3B7A-4518-B551-52D98DE3EEED}.Debug|Any CPU.ActiveCfg = Debug|Any CPU
		{1AC1DE5A-3B7A-4518-B551-52D98DE3EEED}.Debug|Any CPU.Build.0 = Debug|Any CPU
		{1AC1DE5A-3B7A-4518-B551-52D98DE3EEED}.Release|Any CPU.ActiveCfg = Release|Any CPU
		{1AC1DE5A-3B7A-4518-B551-52D98DE3EEED}.Release|Any CPU.Build.0 = Release|Any CPU
	EndGlobalSection
	GlobalSection(SolutionProperties) = preSolution
		HideSolutionNode = FALSE
	EndGlobalSection
	GlobalSection(ExtensibilityGlobals) = postSolution
		SolutionGuid = {10836C30-78F6-4C6F-AC70-C274B199DBD1}
	EndGlobalSection
EndGlobal
